<?xml version="1.0" encoding="utf-8"?>
<Project ToolsVersion="4.0" xmlns="http://schemas.microsoft.com/developer/msbuild/2003">
  <ItemGroup>
    <Filter Include="原始程式檔">
      <UniqueIdentifier>{4FC737F1-C7A5-4376-A066-2A32D752A2FF}</UniqueIdentifier>
      <Extensions>cpp;c;cc;cxx;def;odl;idl;hpj;bat;asm;asmx</Extensions>
    </Filter>
    <Filter Include="標頭檔">
      <UniqueIdentifier>{93995380-89BD-4b04-88EB-625FBE52EBFB}</UniqueIdentifier>
      <Extensions>h;hpp;hxx;hm;inl;inc;xsd</Extensions>
    </Filter>
  </ItemGroup>
  <ItemGroup>
    <ClInclude Include="InitOpenGLApp.h">
      <Filter>標頭檔</Filter>
    </ClInclude>
    <ClInclude Include="vgl.h">
      <Filter>標頭檔</Filter>
    </ClInclude>
    <ClInclude Include="InitGlutInput.h">
      <Filter>標頭檔</Filter>
    </ClInclude>
    <ClInclude Include="LoadShaders.h">
      <Filter>標頭檔</Filter>
    </ClInclude>
    <ClInclude Include="TextureApp.h">
      <Filter>標頭檔</Filter>
    </ClInclude>
    <ClInclude Include="TexBox.h">
      <Filter>標頭檔</Filter>
    </ClInclude>
    <ClInclude Include="GrayTexBox.h">
      <Filter>標頭檔</Filter>
    </ClInclude>
    <ClInclude Include="QuanTexBox.h">
      <Filter>標頭檔</Filter>
    </ClInclude>
    <ClInclude Include="InkTexBox.h">
      <Filter>標頭檔</Filter>
    </ClInclude>
    <ClInclude Include="DemoApp.h">
      <Filter>標頭檔</Filter>
    </ClInclude>
  </ItemGroup>
  <ItemGroup>
    <ClCompile Include="InitOpenGLApp.cpp">
      <Filter>原始程式檔</Filter>
    </ClCompile>
    <ClCompile Include="InitGlutInput.cpp">
      <Filter>原始程式檔</Filter>
    </ClCompile>
    <ClCompile Include="TextureApp.cpp">
      <Filter>原始程式檔</Filter>
    </ClCompile>
    <ClCompile Include="LoadShaders.cpp">
      <Filter>原始程式檔</Filter>
    </ClCompile>
    <ClCompile Include="main.cpp">
      <Filter>原始程式檔</Filter>
    </ClCompile>
    <ClCompile Include="TexBox.cpp">
      <Filter>原始程式檔</Filter>
    </ClCompile>
    <ClCompile Include="GrayTexBox.cpp">
      <Filter>原始程式檔</Filter>
    </ClCompile>
    <ClCompile Include="QuanTexBox.cpp">
      <Filter>原始程式檔</Filter>
    </ClCompile>
    <ClCompile Include="InkTexBox.cpp">
      <Filter>原始程式檔</Filter>
    </ClCompile>
    <ClCompile Include="DemoApp.cpp">
      <Filter>原始程式檔</Filter>
    </ClCompile>
  </ItemGroup>
</Project>